
Microsoft Visual Studio Solution File, Format Version 12.00
# Visual Studio 15
VisualStudioVersion = 15.0.27130.2020
MinimumVisualStudioVersion = 10.0.40219.1
Project("{FAE04EC0-301F-11D3-BF4B-00C04F79EFBC}") = "LibraryProject.Web", "LibraryProject.Web\LibraryProject.Web.csproj", "{9E5AE197-955E-4B93-8084-F4869E7AB88C}"
EndProject
Project("{FAE04EC0-301F-11D3-BF4B-00C04F79EFBC}") = "LibraryProject.Models", "LibraryProject.Models\LibraryProject.Models.csproj", "{70A6DD7A-1AB7-4D20-85C0-7DCD9DD282E9}"
EndProject
Project("{FAE04EC0-301F-11D3-BF4B-00C04F79EFBC}") = "LibraryProject.DataAccess", "LibraryProject.DataAccess\LibraryProject.DataAccess.csproj", "{2AA3A878-EC62-4790-B045-F7A56B98F369}"
EndProject
Global
	GlobalSection(SolutionConfigurationPlatforms) = preSolution
		Debug|Any CPU = Debug|Any CPU
		Release|Any CPU = Release|Any CPU
	EndGlobalSection
	GlobalSection(ProjectConfigurationPlatforms) = postSolution
		{9E5AE197-955E-4B93-8084-F4869E7AB88C}.Debug|Any CPU.ActiveCfg = Debug|Any CPU
		{9E5AE197-955E-4B93-8084-F4869E7AB88C}.Debug|Any CPU.Build.0 = Debug|Any CPU
		{9E5AE197-955E-4B93-8084-F4869E7AB88C}.Release|Any CPU.ActiveCfg = Release|Any CPU
		{9E5AE197-955E-4B93-8084-F4869E7AB88C}.Release|Any CPU.Build.0 = Release|Any CPU
		{70A6DD7A-1AB7-4D20-85C0-7DCD9DD282E9}.Debug|Any CPU.ActiveCfg = Debug|Any CPU
		{70A6DD7A-1AB7-4D20-85C0-7DCD9DD282E9}.Debug|Any CPU.Build.0 = Debug|Any CPU
		{70A6DD7A-1AB7-4D20-85C0-7DCD9DD282E9}.Release|Any CPU.ActiveCfg = Release|Any CPU
		{70A6DD7A-1AB7-4D20-85C0-7DCD9DD282E9}.Release|Any CPU.Build.0 = Release|Any CPU
		{2AA3A878-EC62-4790-B045-F7A56B98F369}.Debug|Any CPU.ActiveCfg = Debug|Any CPU
		{2AA3A878-EC62-4790-B045-F7A56B98F369}.Debug|Any CPU.Build.0 = Debug|Any CPU
		{2AA3A878-EC62-4790-B045-F7A56B98F369}.Release|Any CPU.ActiveCfg = Release|Any CPU
		{2AA3A878-EC62-4790-B045-F7A56B98F369}.Release|Any CPU.Build.0 = Release|Any CPU
	EndGlobalSection
	GlobalSection(SolutionProperties) = preSolution
		HideSolutionNode = FALSE
	EndGlobalSection
	GlobalSection(ExtensibilityGlobals) = postSolution
		SolutionGuid = {107DB03A-2355-4654-A181-546F20496FCA}
	EndGlobalSection
EndGlobal
